
Microsoft Visual Studio Solution File, Format Version 12.00
# Visual Studio Version 16
VisualStudioVersion = 16.0.30907.101
MinimumVisualStudioVersion = 10.0.40219.1
Project("{2150E333-8FDC-42A3-9474-1A3956D46DE8}") = "0 - Presentation", "0 - Presentation", "{EAF4B037-7E5C-44C9-A33A-A3CD6962DAD4}"
EndProject
Project("{2150E333-8FDC-42A3-9474-1A3956D46DE8}") = "1 - Services", "1 - Services", "{FA06330D-4510-44F2-BA61-F3D21948E12C}"
EndProject
Project("{2150E333-8FDC-42A3-9474-1A3956D46DE8}") = "2 - Application", "2 - Application", "{15DEA36C-6753-45BC-98D5-3099D1222540}"
EndProject
Project("{2150E333-8FDC-42A3-9474-1A3956D46DE8}") = "3 - Domain", "3 - Domain", "{EB3BF2B2-3FD8-475C-9EF5-1D4D19EC853C}"
EndProject
Project("{2150E333-8FDC-42A3-9474-1A3956D46DE8}") = "4 - Infrastructure", "4 - Infrastructure", "{E08EC8AB-1FE9-44E4-A82E-8812CB8BF3F0}"
EndProject
Project("{2150E333-8FDC-42A3-9474-1A3956D46DE8}") = "4.1 - Data", "4.1 - Data", "{DDBE0C19-CBA0-4BE4-A485-8ED5647505DD}"
EndProject
Project("{2150E333-8FDC-42A3-9474-1A3956D46DE8}") = "4.2 - CrossCutting", "4.2 - CrossCutting", "{015FFB18-76A9-48B6-B5DA-47DE4A0BCA09}"
EndProject
Project("{FAE04EC0-301F-11D3-BF4B-00C04F79EFBC}") = "MagniFinanceTest.MVC", "MagniFinanceTest.MVC\MagniFinanceTest.MVC.csproj", "{C6C95C79-BC69-4A32-BD95-531BD7EDEADC}"
EndProject
Project("{FAE04EC0-301F-11D3-BF4B-00C04F79EFBC}") = "MagniFinanceTest.Infrastructure.Data", "MagniFinanceTest.Infrastructure.Data\MagniFinanceTest.Infrastructure.Data.csproj", "{563BAD30-EEB0-4DFA-890E-645B9549BEFB}"
EndProject
Project("{FAE04EC0-301F-11D3-BF4B-00C04F79EFBC}") = "MagniFinanceTest.Domain", "MagniFinanceTest.Domain\MagniFinanceTest.Domain.csproj", "{40DFBFB8-CACA-4634-BB8A-43D5BD314607}"
EndProject
Project("{FAE04EC0-301F-11D3-BF4B-00C04F79EFBC}") = "MagniFinanceTest.Application", "MagniFinanceTest.Application\MagniFinanceTest.Application.csproj", "{3A606E6C-3544-4DB9-85D2-DD57768FC83B}"
EndProject
Global
	GlobalSection(SolutionConfigurationPlatforms) = preSolution
		Debug|Any CPU = Debug|Any CPU
		Release|Any CPU = Release|Any CPU
	EndGlobalSection
	GlobalSection(ProjectConfigurationPlatforms) = postSolution
		{C6C95C79-BC69-4A32-BD95-531BD7EDEADC}.Debug|Any CPU.ActiveCfg = Debug|Any CPU
		{C6C95C79-BC69-4A32-BD95-531BD7EDEADC}.Debug|Any CPU.Build.0 = Debug|Any CPU
		{C6C95C79-BC69-4A32-BD95-531BD7EDEADC}.Release|Any CPU.ActiveCfg = Release|Any CPU
		{C6C95C79-BC69-4A32-BD95-531BD7EDEADC}.Release|Any CPU.Build.0 = Release|Any CPU
		{563BAD30-EEB0-4DFA-890E-645B9549BEFB}.Debug|Any CPU.ActiveCfg = Debug|Any CPU
		{563BAD30-EEB0-4DFA-890E-645B9549BEFB}.Debug|Any CPU.Build.0 = Debug|Any CPU
		{563BAD30-EEB0-4DFA-890E-645B9549BEFB}.Release|Any CPU.ActiveCfg = Release|Any CPU
		{563BAD30-EEB0-4DFA-890E-645B9549BEFB}.Release|Any CPU.Build.0 = Release|Any CPU
		{40DFBFB8-CACA-4634-BB8A-43D5BD314607}.Debug|Any CPU.ActiveCfg = Debug|Any CPU
		{40DFBFB8-CACA-4634-BB8A-43D5BD314607}.Debug|Any CPU.Build.0 = Debug|Any CPU
		{40DFBFB8-CACA-4634-BB8A-43D5BD314607}.Release|Any CPU.ActiveCfg = Release|Any CPU
		{40DFBFB8-CACA-4634-BB8A-43D5BD314607}.Release|Any CPU.Build.0 = Release|Any CPU
		{3A606E6C-3544-4DB9-85D2-DD57768FC83B}.Debug|Any CPU.ActiveCfg = Debug|Any CPU
		{3A606E6C-3544-4DB9-85D2-DD57768FC83B}.Debug|Any CPU.Build.0 = Debug|Any CPU
		{3A606E6C-3544-4DB9-85D2-DD57768FC83B}.Release|Any CPU.ActiveCfg = Release|Any CPU
		{3A606E6C-3544-4DB9-85D2-DD57768FC83B}.Release|Any CPU.Build.0 = Release|Any CPU
	EndGlobalSection
	GlobalSection(SolutionProperties) = preSolution
		HideSolutionNode = FALSE
	EndGlobalSection
	GlobalSection(NestedProjects) = preSolution
		{DDBE0C19-CBA0-4BE4-A485-8ED5647505DD} = {E08EC8AB-1FE9-44E4-A82E-8812CB8BF3F0}
		{015FFB18-76A9-48B6-B5DA-47DE4A0BCA09} = {E08EC8AB-1FE9-44E4-A82E-8812CB8BF3F0}
		{C6C95C79-BC69-4A32-BD95-531BD7EDEADC} = {EAF4B037-7E5C-44C9-A33A-A3CD6962DAD4}
		{563BAD30-EEB0-4DFA-890E-645B9549BEFB} = {DDBE0C19-CBA0-4BE4-A485-8ED5647505DD}
		{40DFBFB8-CACA-4634-BB8A-43D5BD314607} = {EB3BF2B2-3FD8-475C-9EF5-1D4D19EC853C}
		{3A606E6C-3544-4DB9-85D2-DD57768FC83B} = {15DEA36C-6753-45BC-98D5-3099D1222540}
	EndGlobalSection
	GlobalSection(ExtensibilityGlobals) = postSolution
		SolutionGuid = {A99E383D-B584-4732-8AD6-A2A95436D93B}
	EndGlobalSection
EndGlobal
